// !$*UTF8*$!
{
	archiveVersion = 1;
	classes = {
	};
	objectVersion = 50;
	objects = {

/* Begin PBXBuildFile section */
		748CFEFE23D3E5A100069B2A /* guitarTuningWatch WatchKit App.app in Embed Watch Content */ = {isa = PBXBuildFile; fileRef = 748CFEFD23D3E5A100069B2A /* guitarTuningWatch WatchKit App.app */; settings = {ATTRIBUTES = (RemoveHeadersOnCopy, ); }; };
		748CFF0423D3E5A100069B2A /* Interface.storyboard in Resources */ = {isa = PBXBuildFile; fileRef = 748CFF0223D3E5A100069B2A /* Interface.storyboard */; };
		748CFF0623D3E5A700069B2A /* Assets.xcassets in Resources */ = {isa = PBXBuildFile; fileRef = 748CFF0523D3E5A700069B2A /* Assets.xcassets */; };
		748CFF0D23D3E5A700069B2A /* guitarTuningWatch WatchKit Extension.appex in Embed App Extensions */ = {isa = PBXBuildFile; fileRef = 748CFF0C23D3E5A700069B2A /* guitarTuningWatch WatchKit Extension.appex */; settings = {ATTRIBUTES = (RemoveHeadersOnCopy, ); }; };
		748CFF1223D3E5A700069B2A /* InterfaceController.swift in Sources */ = {isa = PBXBuildFile; fileRef = 748CFF1123D3E5A700069B2A /* InterfaceController.swift */; };
		748CFF1423D3E5A700069B2A /* ExtensionDelegate.swift in Sources */ = {isa = PBXBuildFile; fileRef = 748CFF1323D3E5A700069B2A /* ExtensionDelegate.swift */; };
		748CFF1823D3E5A900069B2A /* Assets.xcassets in Resources */ = {isa = PBXBuildFile; fileRef = 748CFF1723D3E5A900069B2A /* Assets.xcassets */; };
/* End PBXBuildFile section */

/* Begin PBXContainerItemProxy section */
		748CFEFF23D3E5A100069B2A /* PBXContainerItemProxy */ = {
			isa = PBXContainerItemProxy;
			containerPortal = 748CFEF323D3E5A100069B2A /* Project object */;
			proxyType = 1;
			remoteGlobalIDString = 748CFEFC23D3E5A100069B2A;
			remoteInfo = "guitarTuningWatch WatchKit App";
		};
		748CFF0E23D3E5A700069B2A /* PBXContainerItemProxy */ = {
			isa = PBXContainerItemProxy;
			containerPortal = 748CFEF323D3E5A100069B2A /* Project object */;
			proxyType = 1;
			remoteGlobalIDString = 748CFF0B23D3E5A700069B2A;
			remoteInfo = "guitarTuningWatch WatchKit Extension";
		};
/* End PBXContainerItemProxy section */

/* Begin PBXCopyFilesBuildPhase section */
		748CFF2023D3E5A900069B2A /* Embed App Extensions */ = {
			isa = PBXCopyFilesBuildPhase;
			buildActionMask = 2147483647;
			dstPath = "";
			dstSubfolderSpec = 13;
			files = (
				748CFF0D23D3E5A700069B2A /* guitarTuningWatch WatchKit Extension.appex in Embed App Extensions */,
			);
			name = "Embed App Extensions";
			runOnlyForDeploymentPostprocessing = 0;
		};
		748CFF2423D3E5A900069B2A /* Embed Watch Content */ = {
			isa = PBXCopyFilesBuildPhase;
			buildActionMask = 2147483647;
			dstPath = "$(CONTENTS_FOLDER_PATH)/Watch";
			dstSubfolderSpec = 16;
			files = (
				748CFEFE23D3E5A100069B2A /* guitarTuningWatch WatchKit App.app in Embed Watch Content */,
			);
			name = "Embed Watch Content";
			runOnlyForDeploymentPostprocessing = 0;
		};
/* End PBXCopyFilesBuildPhase section */

/* Begin PBXFileReference section */
		748CFEF923D3E5A100069B2A /* guitarTuningWatch.app */ = {isa = PBXFileReference; explicitFileType = wrapper.application; includeInIndex = 0; path = guitarTuningWatch.app; sourceTree = BUILT_PRODUCTS_DIR; };
		748CFEFD23D3E5A100069B2A /* guitarTuningWatch WatchKit App.app */ = {isa = PBXFileReference; explicitFileType = wrapper.application; includeInIndex = 0; path = "guitarTuningWatch WatchKit App.app"; sourceTree = BUILT_PRODUCTS_DIR; };
		748CFF0323D3E5A100069B2A /* Base */ = {isa = PBXFileReference; lastKnownFileType = file.storyboard; name = Base; path = Base.lproj/Interface.storyboard; sourceTree = "<group>"; };
		748CFF0523D3E5A700069B2A /* Assets.xcassets */ = {isa = PBXFileReference; lastKnownFileType = folder.assetcatalog; path = Assets.xcassets; sourceTree = "<group>"; };
		748CFF0723D3E5A700069B2A /* Info.plist */ = {isa = PBXFileReference; lastKnownFileType = text.plist.xml; path = Info.plist; sourceTree = "<group>"; };
		748CFF0C23D3E5A700069B2A /* guitarTuningWatch WatchKit Extension.appex */ = {isa = PBXFileReference; explicitFileType = "wrapper.app-extension"; includeInIndex = 0; path = "guitarTuningWatch WatchKit Extension.appex"; sourceTree = BUILT_PRODUCTS_DIR; };
		748CFF1123D3E5A700069B2A /* InterfaceController.swift */ = {isa = PBXFileReference; lastKnownFileType = sourcecode.swift; path = InterfaceController.swift; sourceTree = "<group>"; };
		748CFF1323D3E5A700069B2A /* ExtensionDelegate.swift */ = {isa = PBXFileReference; lastKnownFileType = sourcecode.swift; path = ExtensionDelegate.swift; sourceTree = "<group>"; };
		748CFF1723D3E5A900069B2A /* Assets.xcassets */ = {isa = PBXFileReference; lastKnownFileType = folder.assetcatalog; path = Assets.xcassets; sourceTree = "<group>"; };
		748CFF1923D3E5A900069B2A /* Info.plist */ = {isa = PBXFileReference; lastKnownFileType = text.plist.xml; path = Info.plist; sourceTree = "<group>"; };
		748CFF1A23D3E5A900069B2A /* PushNotificationPayload.apns */ = {isa = PBXFileReference; lastKnownFileType = text; path = PushNotificationPayload.apns; sourceTree = "<group>"; };
/* End PBXFileReference section */

/* Begin PBXFrameworksBuildPhase section */
		748CFF0923D3E5A700069B2A /* Frameworks */ = {
			isa = PBXFrameworksBuildPhase;
			buildActionMask = 2147483647;
			files = (
			);
			runOnlyForDeploymentPostprocessing = 0;
		};
/* End PBXFrameworksBuildPhase section */

/* Begin PBXGroup section */
		748CFEF223D3E5A100069B2A = {
			isa = PBXGroup;
			children = (
				748CFF0123D3E5A100069B2A /* guitarTuningWatch WatchKit App */,
				748CFF1023D3E5A700069B2A /* guitarTuningWatch WatchKit Extension */,
				748CFEFA23D3E5A100069B2A /* Products */,
			);
			sourceTree = "<group>";
		};
		748CFEFA23D3E5A100069B2A /* Products */ = {
			isa = PBXGroup;
			children = (
				748CFEF923D3E5A100069B2A /* guitarTuningWatch.app */,
				748CFEFD23D3E5A100069B2A /* guitarTuningWatch WatchKit App.app */,
				748CFF0C23D3E5A700069B2A /* guitarTuningWatch WatchKit Extension.appex */,
			);
			name = Products;
			sourceTree = "<group>";
		};
		748CFF0123D3E5A100069B2A /* guitarTuningWatch WatchKit App */ = {
			isa = PBXGroup;
			children = (
				748CFF0223D3E5A100069B2A /* Interface.storyboard */,
				748CFF0523D3E5A700069B2A /* Assets.xcassets */,
				748CFF0723D3E5A700069B2A /* Info.plist */,
			);
			path = "guitarTuningWatch WatchKit App";
			sourceTree = "<group>";
		};
		748CFF1023D3E5A700069B2A /* guitarTuningWatch WatchKit Extension */ = {
			isa = PBXGroup;
			children = (
				748CFF1123D3E5A700069B2A /* InterfaceController.swift */,
				748CFF1323D3E5A700069B2A /* ExtensionDelegate.swift */,
				748CFF1723D3E5A900069B2A /* Assets.xcassets */,
				748CFF1923D3E5A900069B2A /* Info.plist */,
				748CFF1A23D3E5A900069B2A /* PushNotificationPayload.apns */,
			);
			path = "guitarTuningWatch WatchKit Extension";
			sourceTree = "<group>";
		};
/* End PBXGroup section */

/* Begin PBXNativeTarget section */
		748CFEF823D3E5A100069B2A /* guitarTuningWatch */ = {
			isa = PBXNativeTarget;
			buildConfigurationList = 748CFF2523D3E5A900069B2A /* Build configuration list for PBXNativeTarget "guitarTuningWatch" */;
			buildPhases = (
				748CFEF723D3E5A100069B2A /* Resources */,
				748CFF2423D3E5A900069B2A /* Embed Watch Content */,
			);
			buildRules = (
			);
			dependencies = (
				748CFF0023D3E5A100069B2A /* PBXTargetDependency */,
			);
			name = guitarTuningWatch;
			productName = guitarTuningWatch;
			productReference = 748CFEF923D3E5A100069B2A /* guitarTuningWatch.app */;
			productType = "com.apple.product-type.application.watchapp2-container";
		};
		748CFEFC23D3E5A100069B2A /* guitarTuningWatch WatchKit App */ = {
			isa = PBXNativeTarget;
			buildConfigurationList = 748CFF2123D3E5A900069B2A /* Build configuration list for PBXNativeTarget "guitarTuningWatch WatchKit App" */;
			buildPhases = (
				748CFEFB23D3E5A100069B2A /* Resources */,
				748CFF2023D3E5A900069B2A /* Embed App Extensions */,
			);
			buildRules = (
			);
			dependencies = (
				748CFF0F23D3E5A700069B2A /* PBXTargetDependency */,
			);
			name = "guitarTuningWatch WatchKit App";
			productName = "guitarTuningWatch WatchKit App";
			productReference = 748CFEFD23D3E5A100069B2A /* guitarTuningWatch WatchKit App.app */;
			productType = "com.apple.product-type.application.watchapp2";
		};
		748CFF0B23D3E5A700069B2A /* guitarTuningWatch WatchKit Extension */ = {
			isa = PBXNativeTarget;
			buildConfigurationList = 748CFF1D23D3E5A900069B2A /* Build configuration list for PBXNativeTarget "guitarTuningWatch WatchKit Extension" */;
			buildPhases = (
				748CFF0823D3E5A700069B2A /* Sources */,
				748CFF0923D3E5A700069B2A /* Frameworks */,
				748CFF0A23D3E5A700069B2A /* Resources */,
			);
			buildRules = (
			);
			dependencies = (
			);
			name = "guitarTuningWatch WatchKit Extension";
			productName = "guitarTuningWatch WatchKit Extension";
			productReference = 748CFF0C23D3E5A700069B2A /* guitarTuningWatch WatchKit Extension.appex */;
			productType = "com.apple.product-type.watchkit2-extension";
		};
/* End PBXNativeTarget section */

/* Begin PBXProject section */
		748CFEF323D3E5A100069B2A /* Project object */ = {
			isa = PBXProject;
			attributes = {
				LastSwiftUpdateCheck = 1130;
				LastUpgradeCheck = 1130;
				ORGANIZATIONNAME = "satoshi goto";
				TargetAttributes = {
					748CFEF823D3E5A100069B2A = {
						CreatedOnToolsVersion = 11.3.1;
					};
					748CFEFC23D3E5A100069B2A = {
						CreatedOnToolsVersion = 11.3.1;
					};
					748CFF0B23D3E5A700069B2A = {
						CreatedOnToolsVersion = 11.3.1;
					};
				};
			};
			buildConfigurationList = 748CFEF623D3E5A100069B2A /* Build configuration list for PBXProject "guitarTuningWatch" */;
			compatibilityVersion = "Xcode 9.3";
			developmentRegion = en;
			hasScannedForEncodings = 0;
			knownRegions = (
				en,
				Base,
			);
			mainGroup = 748CFEF223D3E5A100069B2A;
			productRefGroup = 748CFEFA23D3E5A100069B2A /* Products */;
			projectDirPath = "";
			projectRoot = "";
			targets = (
				748CFEF823D3E5A100069B2A /* guitarTuningWatch */,
				748CFEFC23D3E5A100069B2A /* guitarTuningWatch WatchKit App */,
				748CFF0B23D3E5A700069B2A /* guitarTuningWatch WatchKit Extension */,
			);
		};
/* End PBXProject section */

/* Begin PBXResourcesBuildPhase section */
		748CFEF723D3E5A100069B2A /* Resources */ = {
			isa = PBXResourcesBuildPhase;
			buildActionMask = 2147483647;
			files = (
			);
			runOnlyForDeploymentPostprocessing = 0;
		};
		748CFEFB23D3E5A100069B2A /* Resources */ = {
			isa = PBXResourcesBuildPhase;
			buildActionMask = 2147483647;
			files = (
				748CFF0623D3E5A700069B2A /* Assets.xcassets in Resources */,
				748CFF0423D3E5A100069B2A /* Interface.storyboard in Resources */,
			);
			runOnlyForDeploymentPostprocessing = 0;
		};
		748CFF0A23D3E5A700069B2A /* Resources */ = {
			isa = PBXResourcesBuildPhase;
			buildActionMask = 2147483647;
			files = (
				748CFF1823D3E5A900069B2A /* Assets.xcassets in Resources */,
			);
			runOnlyForDeploymentPostprocessing = 0;
		};
/* End PBXResourcesBuildPhase section */

/* Begin PBXSourcesBuildPhase section */
		748CFF0823D3E5A700069B2A /* Sources */ = {
			isa = PBXSourcesBuildPhase;
			buildActionMask = 2147483647;
			files = (
				748CFF1423D3E5A700069B2A /* ExtensionDelegate.swift in Sources */,
				748CFF1223D3E5A700069B2A /* InterfaceController.swift in Sources */,
			);
			runOnlyForDeploymentPostprocessing = 0;
		};
/* End PBXSourcesBuildPhase section */

/* Begin PBXTargetDependency section */
		748CFF0023D3E5A100069B2A /* PBXTargetDependency */ = {
			isa = PBXTargetDependency;
			target = 748CFEFC23D3E5A100069B2A /* guitarTuningWatch WatchKit App */;
			targetProxy = 748CFEFF23D3E5A100069B2A /* PBXContainerItemProxy */;
		};
		748CFF0F23D3E5A700069B2A /* PBXTargetDependency */ = {
			isa = PBXTargetDependency;
			target = 748CFF0B23D3E5A700069B2A /* guitarTuningWatch WatchKit Extension */;
			targetProxy = 748CFF0E23D3E5A700069B2A /* PBXContainerItemProxy */;
		};
/* End PBXTargetDependency section */

/* Begin PBXVariantGroup section */
		748CFF0223D3E5A100069B2A /* Interface.storyboard */ = {
			isa = PBXVariantGroup;
			children = (
				748CFF0323D3E5A100069B2A /* Base */,
			);
			name = Interface.storyboard;
			sourceTree = "<group>";
		};
/* End PBXVariantGroup section */

/* Begin XCBuildConfiguration section */
		748CFF1B23D3E5A900069B2A /* Debug */ = {
			isa = XCBuildConfiguration;
			buildSettings = {
				ALWAYS_SEARCH_USER_PATHS = NO;
				CLANG_ANALYZER_NONNULL = YES;
				CLANG_ANALYZER_NUMBER_OBJECT_CONVERSION = YES_AGGRESSIVE;
				CLANG_CXX_LANGUAGE_STANDARD = "gnu++14";
				CLANG_CXX_LIBRARY = "libc++";
				CLANG_ENABLE_MODULES = YES;
				CLANG_ENABLE_OBJC_ARC = YES;
				CLANG_ENABLE_OBJC_WEAK = YES;
				CLANG_WARN_BLOCK_CAPTURE_AUTORELEASING = YES;
				CLANG_WARN_BOOL_CONVERSION = YES;
				CLANG_WARN_COMMA = YES;
				CLANG_WARN_CONSTANT_CONVERSION = YES;
				CLANG_WARN_DEPRECATED_OBJC_IMPLEMENTATIONS = YES;
				CLANG_WARN_DIRECT_OBJC_ISA_USAGE = YES_ERROR;
				CLANG_WARN_DOCUMENTATION_COMMENTS = YES;
				CLANG_WARN_EMPTY_BODY = YES;
				CLANG_WARN_ENUM_CONVERSION = YES;
				CLANG_WARN_INFINITE_RECURSION = YES;
				CLANG_WARN_INT_CONVERSION = YES;
				CLANG_WARN_NON_LITERAL_NULL_CONVERSION = YES;
				CLANG_WARN_OBJC_IMPLICIT_RETAIN_SELF = YES;
				CLANG_WARN_OBJC_LITERAL_CONVERSION = YES;
				CLANG_WARN_OBJC_ROOT_CLASS = YES_ERROR;
				CLANG_WARN_RANGE_LOOP_ANALYSIS = YES;
				CLANG_WARN_STRICT_PROTOTYPES = YES;
				CLANG_WARN_SUSPICIOUS_MOVE = YES;
				CLANG_WARN_UNGUARDED_AVAILABILITY = YES_AGGRESSIVE;
				CLANG_WARN_UNREACHABLE_CODE = YES;
				CLANG_WARN__DUPLICATE_METHOD_MATCH = YES;
				COPY_PHASE_STRIP = NO;
				DEBUG_INFORMATION_FORMAT = dwarf;
				ENABLE_STRICT_OBJC_MSGSEND = YES;
				ENABLE_TESTABILITY = YES;
				GCC_C_LANGUAGE_STANDARD = gnu11;
				GCC_DYNAMIC_NO_PIC = NO;
				GCC_NO_COMMON_BLOCKS = YES;
				GCC_OPTIMIZATION_LEVEL = 0;
				GCC_PREPROCESSOR_DEFINITIONS = (
					"DEBUG=1",
					"$(inherited)",
				);
				GCC_WARN_64_TO_32_BIT_CONVERSION = YES;
				GCC_WARN_ABOUT_RETURN_TYPE = YES_ERROR;
				GCC_WARN_UNDECLARED_SELECTOR = YES;
				GCC_WARN_UNINITIALIZED_AUTOS = YES_AGGRESSIVE;
				GCC_WARN_UNUSED_FUNCTION = YES;
				GCC_WARN_UNUSED_VARIABLE = YES;
				MTL_ENABLE_DEBUG_INFO = INCLUDE_SOURCE;
				MTL_FAST_MATH = YES;
				ONLY_ACTIVE_ARCH = YES;
				SDKROOT = iphoneos;
				SWIFT_ACTIVE_COMPILATION_CONDITIONS = DEBUG;
				SWIFT_OPTIMIZATION_LEVEL = "-Onone";
			};
			name = Debug;
		};
		748CFF1C23D3E5A900069B2A /* Release */ = {
			isa = XCBuildConfiguration;
			buildSettings = {
				ALWAYS_SEARCH_USER_PATHS = NO;
				CLANG_ANALYZER_NONNULL = YES;
				CLANG_ANALYZER_NUMBER_OBJECT_CONVERSION = YES_AGGRESSIVE;
				CLANG_CXX_LANGUAGE_STANDARD = "gnu++14";
				CLANG_CXX_LIBRARY = "libc++";
				CLANG_ENABLE_MODULES = YES;
				CLANG_ENABLE_OBJC_ARC = YES;
				CLANG_ENABLE_OBJC_WEAK = YES;
				CLANG_WARN_BLOCK_CAPTURE_AUTORELEASING = YES;
				CLANG_WARN_BOOL_CONVERSION = YES;
				CLANG_WARN_COMMA = YES;
				CLANG_WARN_CONSTANT_CONVERSION = YES;
				CLANG_WARN_DEPRECATED_OBJC_IMPLEMENTATIONS = YES;
				CLANG_WARN_DIRECT_OBJC_ISA_USAGE = YES_ERROR;
				CLANG_WARN_DOCUMENTATION_COMMENTS = YES;
				CLANG_WARN_EMPTY_BODY = YES;
				CLANG_WARN_ENUM_CONVERSION = YES;
				CLANG_WARN_INFINITE_RECURSION = YES;
				CLANG_WARN_INT_CONVERSION = YES;
				CLANG_WARN_NON_LITERAL_NULL_CONVERSION = YES;
				CLANG_WARN_OBJC_IMPLICIT_RETAIN_SELF = YES;
				CLANG_WARN_OBJC_LITERAL_CONVERSION = YES;
				CLANG_WARN_OBJC_ROOT_CLASS = YES_ERROR;
				CLANG_WARN_RANGE_LOOP_ANALYSIS = YES;
				CLANG_WARN_STRICT_PROTOTYPES = YES;
				CLANG_WARN_SUSPICIOUS_MOVE = YES;
				CLANG_WARN_UNGUARDED_AVAILABILITY = YES_AGGRESSIVE;
				CLANG_WARN_UNREACHABLE_CODE = YES;
				CLANG_WARN__DUPLICATE_METHOD_MATCH = YES;
				COPY_PHASE_STRIP = NO;
				DEBUG_INFORMATION_FORMAT = "dwarf-with-dsym";
				ENABLE_NS_ASSERTIONS = NO;
				ENABLE_STRICT_OBJC_MSGSEND = YES;
				GCC_C_LANGUAGE_STANDARD = gnu11;
				GCC_NO_COMMON_BLOCKS = YES;
				GCC_WARN_64_TO_32_BIT_CONVERSION = YES;
				GCC_WARN_ABOUT_RETURN_TYPE = YES_ERROR;
				GCC_WARN_UNDECLARED_SELECTOR = YES;
				GCC_WARN_UNINITIALIZED_AUTOS = YES_AGGRESSIVE;
				GCC_WARN_UNUSED_FUNCTION = YES;
				GCC_WARN_UNUSED_VARIABLE = YES;
				MTL_ENABLE_DEBUG_INFO = NO;
				MTL_FAST_MATH = YES;
				SDKROOT = iphoneos;
				SWIFT_COMPILATION_MODE = wholemodule;
				SWIFT_OPTIMIZATION_LEVEL = "-O";
				VALIDATE_PRODUCT = YES;
			};
			name = Release;
		};
		748CFF1E23D3E5A900069B2A /* Debug */ = {
			isa = XCBuildConfiguration;
			buildSettings = {
				ASSETCATALOG_COMPILER_COMPLICATION_NAME = Complication;
				CODE_SIGN_STYLE = Automatic;
				DEVELOPMENT_TEAM = XQZ4S6PXLM;
				INFOPLIST_FILE = "guitarTuningWatch WatchKit Extension/Info.plist";
				LD_RUNPATH_SEARCH_PATHS = (
					"$(inherited)",
					"@executable_path/Frameworks",
					"@executable_path/../../Frameworks",
				);
				PRODUCT_BUNDLE_IDENTIFIER = com.engineernest.guitarTuningWatch.watchkitapp.watchkitextension;
				PRODUCT_NAME = "${TARGET_NAME}";
				SDKROOT = watchos;
				SKIP_INSTALL = YES;
				SWIFT_VERSION = 5.0;
				TARGETED_DEVICE_FAMILY = 4;
				WATCHOS_DEPLOYMENT_TARGET = 6.1;
			};
			name = Debug;
		};
		748CFF1F23D3E5A900069B2A /* Release */ = {
			isa = XCBuildConfiguration;
			buildSettings = {
				ASSETCATALOG_COMPILER_COMPLICATION_NAME = Complication;
				CODE_SIGN_STYLE = Automatic;
				DEVELOPMENT_TEAM = XQZ4S6PXLM;
				INFOPLIST_FILE = "guitarTuningWatch WatchKit Extension/Info.plist";
				LD_RUNPATH_SEARCH_PATHS = (
					"$(inherited)",
					"@executable_path/Frameworks",
					"@executable_path/../../Frameworks",
				);
				PRODUCT_BUNDLE_IDENTIFIER = com.engineernest.guitarTuningWatch.watchkitapp.watchkitextension;
				PRODUCT_NAME = "${TARGET_NAME}";
				SDKROOT = watchos;
				SKIP_INSTALL = YES;
				SWIFT_VERSION = 5.0;
				TARGETED_DEVICE_FAMILY = 4;
				WATCHOS_DEPLOYMENT_TARGET = 6.1;
			};
			name = Release;
		};
		748CFF2223D3E5A900069B2A /* Debug */ = {
			isa = XCBuildConfiguration;
			buildSettings = {
				ALWAYS_EMBED_SWIFT_STANDARD_LIBRARIES = YES;
				ASSETCATALOG_COMPILER_APPICON_NAME = AppIcon;
				CODE_SIGN_STYLE = Automatic;
				DEVELOPMENT_TEAM = XQZ4S6PXLM;
				IBSC_MODULE = guitarTuningWatch_WatchKit_Extension;
				INFOPLIST_FILE = "guitarTuningWatch WatchKit App/Info.plist";
				PRODUCT_BUNDLE_IDENTIFIER = com.engineernest.guitarTuningWatch.watchkitapp;
				PRODUCT_NAME = "$(TARGET_NAME)";
				SDKROOT = watchos;
				SKIP_INSTALL = YES;
				SWIFT_VERSION = 5.0;
				TARGETED_DEVICE_FAMILY = 4;
				WATCHOS_DEPLOYMENT_TARGET = 6.1;
			};
			name = Debug;
		};
		748CFF2323D3E5A900069B2A /* Release */ = {
			isa = XCBuildConfiguration;
			buildSettings = {
				ALWAYS_EMBED_SWIFT_STANDARD_LIBRARIES = YES;
				ASSETCATALOG_COMPILER_APPICON_NAME = AppIcon;
				CODE_SIGN_STYLE = Automatic;
				DEVELOPMENT_TEAM = XQZ4S6PXLM;
				IBSC_MODULE = guitarTuningWatch_WatchKit_Extension;
				INFOPLIST_FILE = "guitarTuningWatch WatchKit App/Info.plist";
				PRODUCT_BUNDLE_IDENTIFIER = com.engineernest.guitarTuningWatch.watchkitapp;
				PRODUCT_NAME = "$(TARGET_NAME)";
				SDKROOT = watchos;
				SKIP_INSTALL = YES;
				SWIFT_VERSION = 5.0;
				TARGETED_DEVICE_FAMILY = 4;
				WATCHOS_DEPLOYMENT_TARGET = 6.1;
			};
			name = Release;
		};
		748CFF2623D3E5A900069B2A /* Debug */ = {
			isa = XCBuildConfiguration;
			buildSettings = {
				CODE_SIGN_STYLE = Automatic;
				CURRENT_PROJECT_VERSION = 1.0;
				DEVELOPMENT_TEAM = XQZ4S6PXLM;
				MARKETING_VERSION = 1.0;
				PRODUCT_BUNDLE_IDENTIFIER = com.engineernest.guitarTuningWatch;
				PRODUCT_NAME = "$(TARGET_NAME)";
				SWIFT_VERSION = 5.0;
			};
			name = Debug;
		};
		748CFF2723D3E5A900069B2A /* Release */ = {
			isa = XCBuildConfiguration;
			buildSettings = {
				CODE_SIGN_STYLE = Automatic;
				CURRENT_PROJECT_VERSION = 1.0;
				DEVELOPMENT_TEAM = XQZ4S6PXLM;
				MARKETING_VERSION = 1.0;
				PRODUCT_BUNDLE_IDENTIFIER = com.engineernest.guitarTuningWatch;
				PRODUCT_NAME = "$(TARGET_NAME)";
				SWIFT_VERSION = 5.0;
			};
			name = Release;
		};
/* End XCBuildConfiguration section */

/* Begin XCConfigurationList section */
		748CFEF623D3E5A100069B2A /* Build configuration list for PBXProject "guitarTuningWatch" */ = {
			isa = XCConfigurationList;
			buildConfigurations = (
				748CFF1B23D3E5A900069B2A /* Debug */,
				748CFF1C23D3E5A900069B2A /* Release */,
			);
			defaultConfigurationIsVisible = 0;
			defaultConfigurationName = Release;
		};
		748CFF1D23D3E5A900069B2A /* Build configuration list for PBXNativeTarget "guitarTuningWatch WatchKit Extension" */ = {
			isa = XCConfigurationList;
			buildConfigurations = (
				748CFF1E23D3E5A900069B2A /* Debug */,
				748CFF1F23D3E5A900069B2A /* Release */,
			);
			defaultConfigurationIsVisible = 0;
			defaultConfigurationName = Release;
		};
		748CFF2123D3E5A900069B2A /* Build configuration list for PBXNativeTarget "guitarTuningWatch WatchKit App" */ = {
			isa = XCConfigurationList;
			buildConfigurations = (
				748CFF2223D3E5A900069B2A /* Debug */,
				748CFF2323D3E5A900069B2A /* Release */,
			);
			defaultConfigurationIsVisible = 0;
			defaultConfigurationName = Release;
		};
		748CFF2523D3E5A900069B2A /* Build configuration list for PBXNativeTarget "guitarTuningWatch" */ = {
			isa = XCConfigurationList;
			buildConfigurations = (
				748CFF2623D3E5A900069B2A /* Debug */,
				748CFF2723D3E5A900069B2A /* Release */,
			);
			defaultConfigurationIsVisible = 0;
			defaultConfigurationName = Release;
		};
/* End XCConfigurationList section */
	};
	rootObject = 748CFEF323D3E5A100069B2A /* Project object */;
}
